
Microsoft Visual Studio Solution File, Format Version 12.00
# Visual Studio 2012
Project("{FAE04EC0-301F-11D3-BF4B-00C04F79EFBC}") = "Trains", "Trains\Trains.csproj", "{F4D946D9-0B5C-4B07-8650-C9C02CA7ECE0}"
EndProject
Global
	GlobalSection(SolutionConfigurationPlatforms) = preSolution
		Debug|Any CPU = Debug|Any CPU
		Release|Any CPU = Release|Any CPU
	EndGlobalSection
	GlobalSection(ProjectConfigurationPlatforms) = postSolution
		{F4D946D9-0B5C-4B07-8650-C9C02CA7ECE0}.Debug|Any CPU.ActiveCfg = Debug|Any CPU
		{F4D946D9-0B5C-4B07-8650-C9C02CA7ECE0}.Debug|Any CPU.Build.0 = Debug|Any CPU
		{F4D946D9-0B5C-4B07-8650-C9C02CA7ECE0}.Release|Any CPU.ActiveCfg = Release|Any CPU
		{F4D946D9-0B5C-4B07-8650-C9C02CA7ECE0}.Release|Any CPU.Build.0 = Release|Any CPU
	EndGlobalSection
	GlobalSection(SolutionProperties) = preSolution
		HideSolutionNode = FALSE
	EndGlobalSection
EndGlobal
