
Microsoft Visual Studio Solution File, Format Version 12.00
# Visual Studio 2012
Project("{FAE04EC0-301F-11D3-BF4B-00C04F79EFBC}") = "Archaeological site", "Archaeological site\Archaeological site.csproj", "{051AD965-B200-4F8B-9B6C-CFC7773EAE3A}"
EndProject
Global
	GlobalSection(SolutionConfigurationPlatforms) = preSolution
		Debug|Any CPU = Debug|Any CPU
		Release|Any CPU = Release|Any CPU
	EndGlobalSection
	GlobalSection(ProjectConfigurationPlatforms) = postSolution
		{051AD965-B200-4F8B-9B6C-CFC7773EAE3A}.Debug|Any CPU.ActiveCfg = Debug|Any CPU
		{051AD965-B200-4F8B-9B6C-CFC7773EAE3A}.Debug|Any CPU.Build.0 = Debug|Any CPU
		{051AD965-B200-4F8B-9B6C-CFC7773EAE3A}.Release|Any CPU.ActiveCfg = Release|Any CPU
		{051AD965-B200-4F8B-9B6C-CFC7773EAE3A}.Release|Any CPU.Build.0 = Release|Any CPU
	EndGlobalSection
	GlobalSection(SolutionProperties) = preSolution
		HideSolutionNode = FALSE
	EndGlobalSection
EndGlobal
