
Microsoft Visual Studio Solution File, Format Version 12.00
# Visual Studio 2012
Project("{FAE04EC0-301F-11D3-BF4B-00C04F79EFBC}") = "FizzBuzz", "FizzBuzz\FizzBuzz.csproj", "{DE804077-D37A-4CFB-8DFC-71CAB273776F}"
EndProject
Global
	GlobalSection(SolutionConfigurationPlatforms) = preSolution
		Debug|Any CPU = Debug|Any CPU
		Release|Any CPU = Release|Any CPU
	EndGlobalSection
	GlobalSection(ProjectConfigurationPlatforms) = postSolution
		{DE804077-D37A-4CFB-8DFC-71CAB273776F}.Debug|Any CPU.ActiveCfg = Debug|Any CPU
		{DE804077-D37A-4CFB-8DFC-71CAB273776F}.Debug|Any CPU.Build.0 = Debug|Any CPU
		{DE804077-D37A-4CFB-8DFC-71CAB273776F}.Release|Any CPU.ActiveCfg = Release|Any CPU
		{DE804077-D37A-4CFB-8DFC-71CAB273776F}.Release|Any CPU.Build.0 = Release|Any CPU
	EndGlobalSection
	GlobalSection(SolutionProperties) = preSolution
		HideSolutionNode = FALSE
	EndGlobalSection
EndGlobal
