
Microsoft Visual Studio Solution File, Format Version 12.00
# Visual Studio 2012
Project("{FAE04EC0-301F-11D3-BF4B-00C04F79EFBC}") = "Chess Table", "Chess Table\Chess Table.csproj", "{16E96CFC-21F0-42D9-9E84-25091A79029A}"
EndProject
Global
	GlobalSection(SolutionConfigurationPlatforms) = preSolution
		Debug|Any CPU = Debug|Any CPU
		Release|Any CPU = Release|Any CPU
	EndGlobalSection
	GlobalSection(ProjectConfigurationPlatforms) = postSolution
		{16E96CFC-21F0-42D9-9E84-25091A79029A}.Debug|Any CPU.ActiveCfg = Debug|Any CPU
		{16E96CFC-21F0-42D9-9E84-25091A79029A}.Debug|Any CPU.Build.0 = Debug|Any CPU
		{16E96CFC-21F0-42D9-9E84-25091A79029A}.Release|Any CPU.ActiveCfg = Release|Any CPU
		{16E96CFC-21F0-42D9-9E84-25091A79029A}.Release|Any CPU.Build.0 = Release|Any CPU
	EndGlobalSection
	GlobalSection(SolutionProperties) = preSolution
		HideSolutionNode = FALSE
	EndGlobalSection
EndGlobal
