
Microsoft Visual Studio Solution File, Format Version 12.00
# Visual Studio 2012
Project("{FAE04EC0-301F-11D3-BF4B-00C04F79EFBC}") = "Panagram", "Panagram\Panagram.csproj", "{9F74F796-BE9F-4812-B6E7-4BC6C2C2FEEB}"
EndProject
Global
	GlobalSection(SolutionConfigurationPlatforms) = preSolution
		Debug|Any CPU = Debug|Any CPU
		Release|Any CPU = Release|Any CPU
	EndGlobalSection
	GlobalSection(ProjectConfigurationPlatforms) = postSolution
		{9F74F796-BE9F-4812-B6E7-4BC6C2C2FEEB}.Debug|Any CPU.ActiveCfg = Debug|Any CPU
		{9F74F796-BE9F-4812-B6E7-4BC6C2C2FEEB}.Debug|Any CPU.Build.0 = Debug|Any CPU
		{9F74F796-BE9F-4812-B6E7-4BC6C2C2FEEB}.Release|Any CPU.ActiveCfg = Release|Any CPU
		{9F74F796-BE9F-4812-B6E7-4BC6C2C2FEEB}.Release|Any CPU.Build.0 = Release|Any CPU
	EndGlobalSection
	GlobalSection(SolutionProperties) = preSolution
		HideSolutionNode = FALSE
	EndGlobalSection
EndGlobal
